
Microsoft Visual Studio Solution File, Format Version 12.00
# Visual Studio Version 17
VisualStudioVersion = 17.4.33403.182
MinimumVisualStudioVersion = 10.0.40219.1
Project("{9A19103F-16F7-4668-BE54-9A1E7A4F7556}") = "Demo1", "Demo1\Demo1.csproj", "{FE4C6F8A-1D36-462F-BE8D-2903D990B5F1}"
EndProject
Project("{9A19103F-16F7-4668-BE54-9A1E7A4F7556}") = "Demo2", "Demo2\Demo2.csproj", "{3F2E082A-6CA0-4B2B-BF34-A53377996047}"
EndProject
Project("{2150E333-8FDC-42A3-9474-1A3956D46DE8}") = "Solution Items", "Solution Items", "{FB90FC0F-F14F-42F2-959D-8EB533592661}"
	ProjectSection(SolutionItems) = preProject
		.editorconfig = .editorconfig
	EndProjectSection
EndProject
Project("{9A19103F-16F7-4668-BE54-9A1E7A4F7556}") = "Demo3", "Demo3\Demo3.csproj", "{58A39DF1-3696-4160-BCF2-5E61BBDAFBF4}"
EndProject
Project("{FAE04EC0-301F-11D3-BF4B-00C04F79EFBC}") = "Demo4", "Demo4\Demo4.csproj", "{EAA343C7-C6BC-4959-815B-E17B835D3EC0}"
EndProject
Global
	GlobalSection(SolutionConfigurationPlatforms) = preSolution
		Debug|Any CPU = Debug|Any CPU
		Release|Any CPU = Release|Any CPU
	EndGlobalSection
	GlobalSection(ProjectConfigurationPlatforms) = postSolution
		{FE4C6F8A-1D36-462F-BE8D-2903D990B5F1}.Debug|Any CPU.ActiveCfg = Debug|Any CPU
		{FE4C6F8A-1D36-462F-BE8D-2903D990B5F1}.Debug|Any CPU.Build.0 = Debug|Any CPU
		{FE4C6F8A-1D36-462F-BE8D-2903D990B5F1}.Release|Any CPU.ActiveCfg = Release|Any CPU
		{FE4C6F8A-1D36-462F-BE8D-2903D990B5F1}.Release|Any CPU.Build.0 = Release|Any CPU
		{3F2E082A-6CA0-4B2B-BF34-A53377996047}.Debug|Any CPU.ActiveCfg = Debug|Any CPU
		{3F2E082A-6CA0-4B2B-BF34-A53377996047}.Debug|Any CPU.Build.0 = Debug|Any CPU
		{3F2E082A-6CA0-4B2B-BF34-A53377996047}.Release|Any CPU.ActiveCfg = Release|Any CPU
		{3F2E082A-6CA0-4B2B-BF34-A53377996047}.Release|Any CPU.Build.0 = Release|Any CPU
		{58A39DF1-3696-4160-BCF2-5E61BBDAFBF4}.Debug|Any CPU.ActiveCfg = Debug|Any CPU
		{58A39DF1-3696-4160-BCF2-5E61BBDAFBF4}.Debug|Any CPU.Build.0 = Debug|Any CPU
		{58A39DF1-3696-4160-BCF2-5E61BBDAFBF4}.Release|Any CPU.ActiveCfg = Release|Any CPU
		{58A39DF1-3696-4160-BCF2-5E61BBDAFBF4}.Release|Any CPU.Build.0 = Release|Any CPU
		{EAA343C7-C6BC-4959-815B-E17B835D3EC0}.Debug|Any CPU.ActiveCfg = Debug|Any CPU
		{EAA343C7-C6BC-4959-815B-E17B835D3EC0}.Debug|Any CPU.Build.0 = Debug|Any CPU
		{EAA343C7-C6BC-4959-815B-E17B835D3EC0}.Release|Any CPU.ActiveCfg = Release|Any CPU
		{EAA343C7-C6BC-4959-815B-E17B835D3EC0}.Release|Any CPU.Build.0 = Release|Any CPU
	EndGlobalSection
	GlobalSection(SolutionProperties) = preSolution
		HideSolutionNode = FALSE
	EndGlobalSection
	GlobalSection(ExtensibilityGlobals) = postSolution
		SolutionGuid = {342CE158-D6E4-4476-B79E-04DD2EA917F9}
	EndGlobalSection
EndGlobal
